// !$*UTF8*$!
{
	archiveVersion = 1;
	classes = {
	};
	objectVersion = 46;
	objects = {

/* Begin PBXBuildFile section */
		B7176C4C1B348E2000DCC1BB /* AppDelegate.swift in Sources */ = {isa = PBXBuildFile; fileRef = B7176C4B1B348E2000DCC1BB /* AppDelegate.swift */; };
		B7176C4E1B348E2000DCC1BB /* ViewController.swift in Sources */ = {isa = PBXBuildFile; fileRef = B7176C4D1B348E2000DCC1BB /* ViewController.swift */; };
		B7176C511B348E2000DCC1BB /* Main.storyboard in Resources */ = {isa = PBXBuildFile; fileRef = B7176C4F1B348E2000DCC1BB /* Main.storyboard */; };
		B7176C531B348E2000DCC1BB /* Images.xcassets in Resources */ = {isa = PBXBuildFile; fileRef = B7176C521B348E2000DCC1BB /* Images.xcassets */; };
		B7176C561B348E2000DCC1BB /* LaunchScreen.xib in Resources */ = {isa = PBXBuildFile; fileRef = B7176C541B348E2000DCC1BB /* LaunchScreen.xib */; };
		B7176C621B348E2000DCC1BB /* count8Tests.swift in Sources */ = {isa = PBXBuildFile; fileRef = B7176C611B348E2000DCC1BB /* count8Tests.swift */; };
/* End PBXBuildFile section */

/* Begin PBXContainerItemProxy section */
		B7176C5C1B348E2000DCC1BB /* PBXContainerItemProxy */ = {
			isa = PBXContainerItemProxy;
			containerPortal = B7176C3E1B348E2000DCC1BB /* Project object */;
			proxyType = 1;
			remoteGlobalIDString = B7176C451B348E2000DCC1BB;
			remoteInfo = count8;
		};
/* End PBXContainerItemProxy section */

/* Begin PBXFileReference section */
		B7176C461B348E2000DCC1BB /* count8.app */ = {isa = PBXFileReference; explicitFileType = wrapper.application; includeInIndex = 0; path = count8.app; sourceTree = BUILT_PRODUCTS_DIR; };
		B7176C4A1B348E2000DCC1BB /* Info.plist */ = {isa = PBXFileReference; lastKnownFileType = text.plist.xml; path = Info.plist; sourceTree = "<group>"; };
		B7176C4B1B348E2000DCC1BB /* AppDelegate.swift */ = {isa = PBXFileReference; lastKnownFileType = sourcecode.swift; path = AppDelegate.swift; sourceTree = "<group>"; };
		B7176C4D1B348E2000DCC1BB /* ViewController.swift */ = {isa = PBXFileReference; lastKnownFileType = sourcecode.swift; path = ViewController.swift; sourceTree = "<group>"; };
		B7176C501B348E2000DCC1BB /* Base */ = {isa = PBXFileReference; lastKnownFileType = file.storyboard; name = Base; path = Base.lproj/Main.storyboard; sourceTree = "<group>"; };
		B7176C521B348E2000DCC1BB /* Images.xcassets */ = {isa = PBXFileReference; lastKnownFileType = folder.assetcatalog; path = Images.xcassets; sourceTree = "<group>"; };
		B7176C551B348E2000DCC1BB /* Base */ = {isa = PBXFileReference; lastKnownFileType = file.xib; name = Base; path = Base.lproj/LaunchScreen.xib; sourceTree = "<group>"; };
		B7176C5B1B348E2000DCC1BB /* count8Tests.xctest */ = {isa = PBXFileReference; explicitFileType = wrapper.cfbundle; includeInIndex = 0; path = count8Tests.xctest; sourceTree = BUILT_PRODUCTS_DIR; };
		B7176C601B348E2000DCC1BB /* Info.plist */ = {isa = PBXFileReference; lastKnownFileType = text.plist.xml; path = Info.plist; sourceTree = "<group>"; };
		B7176C611B348E2000DCC1BB /* count8Tests.swift */ = {isa = PBXFileReference; lastKnownFileType = sourcecode.swift; path = count8Tests.swift; sourceTree = "<group>"; };
/* End PBXFileReference section */

/* Begin PBXFrameworksBuildPhase section */
		B7176C431B348E2000DCC1BB /* Frameworks */ = {
			isa = PBXFrameworksBuildPhase;
			buildActionMask = 2147483647;
			files = (
			);
			runOnlyForDeploymentPostprocessing = 0;
		};
		B7176C581B348E2000DCC1BB /* Frameworks */ = {
			isa = PBXFrameworksBuildPhase;
			buildActionMask = 2147483647;
			files = (
			);
			runOnlyForDeploymentPostprocessing = 0;
		};
/* End PBXFrameworksBuildPhase section */

/* Begin PBXGroup section */
		B7176C3D1B348E2000DCC1BB = {
			isa = PBXGroup;
			children = (
				B7176C481B348E2000DCC1BB /* count8 */,
				B7176C5E1B348E2000DCC1BB /* count8Tests */,
				B7176C471B348E2000DCC1BB /* Products */,
			);
			sourceTree = "<group>";
		};
		B7176C471B348E2000DCC1BB /* Products */ = {
			isa = PBXGroup;
			children = (
				B7176C461B348E2000DCC1BB /* count8.app */,
				B7176C5B1B348E2000DCC1BB /* count8Tests.xctest */,
			);
			name = Products;
			sourceTree = "<group>";
		};
		B7176C481B348E2000DCC1BB /* count8 */ = {
			isa = PBXGroup;
			children = (
				B7176C4B1B348E2000DCC1BB /* AppDelegate.swift */,
				B7176C4D1B348E2000DCC1BB /* ViewController.swift */,
				B7176C4F1B348E2000DCC1BB /* Main.storyboard */,
				B7176C521B348E2000DCC1BB /* Images.xcassets */,
				B7176C541B348E2000DCC1BB /* LaunchScreen.xib */,
				B7176C491B348E2000DCC1BB /* Supporting Files */,
			);
			path = count8;
			sourceTree = "<group>";
		};
		B7176C491B348E2000DCC1BB /* Supporting Files */ = {
			isa = PBXGroup;
			children = (
				B7176C4A1B348E2000DCC1BB /* Info.plist */,
			);
			name = "Supporting Files";
			sourceTree = "<group>";
		};
		B7176C5E1B348E2000DCC1BB /* count8Tests */ = {
			isa = PBXGroup;
			children = (
				B7176C611B348E2000DCC1BB /* count8Tests.swift */,
				B7176C5F1B348E2000DCC1BB /* Supporting Files */,
			);
			path = count8Tests;
			sourceTree = "<group>";
		};
		B7176C5F1B348E2000DCC1BB /* Supporting Files */ = {
			isa = PBXGroup;
			children = (
				B7176C601B348E2000DCC1BB /* Info.plist */,
			);
			name = "Supporting Files";
			sourceTree = "<group>";
		};
/* End PBXGroup section */

/* Begin PBXNativeTarget section */
		B7176C451B348E2000DCC1BB /* count8 */ = {
			isa = PBXNativeTarget;
			buildConfigurationList = B7176C651B348E2000DCC1BB /* Build configuration list for PBXNativeTarget "count8" */;
			buildPhases = (
				B7176C421B348E2000DCC1BB /* Sources */,
				B7176C431B348E2000DCC1BB /* Frameworks */,
				B7176C441B348E2000DCC1BB /* Resources */,
			);
			buildRules = (
			);
			dependencies = (
			);
			name = count8;
			productName = count8;
			productReference = B7176C461B348E2000DCC1BB /* count8.app */;
			productType = "com.apple.product-type.application";
		};
		B7176C5A1B348E2000DCC1BB /* count8Tests */ = {
			isa = PBXNativeTarget;
			buildConfigurationList = B7176C681B348E2000DCC1BB /* Build configuration list for PBXNativeTarget "count8Tests" */;
			buildPhases = (
				B7176C571B348E2000DCC1BB /* Sources */,
				B7176C581B348E2000DCC1BB /* Frameworks */,
				B7176C591B348E2000DCC1BB /* Resources */,
			);
			buildRules = (
			);
			dependencies = (
				B7176C5D1B348E2000DCC1BB /* PBXTargetDependency */,
			);
			name = count8Tests;
			productName = count8Tests;
			productReference = B7176C5B1B348E2000DCC1BB /* count8Tests.xctest */;
			productType = "com.apple.product-type.bundle.unit-test";
		};
/* End PBXNativeTarget section */

/* Begin PBXProject section */
		B7176C3E1B348E2000DCC1BB /* Project object */ = {
			isa = PBXProject;
			attributes = {
				LastUpgradeCheck = 0630;
				ORGANIZATIONNAME = "澤井聖也";
				TargetAttributes = {
					B7176C451B348E2000DCC1BB = {
						CreatedOnToolsVersion = 6.3.2;
					};
					B7176C5A1B348E2000DCC1BB = {
						CreatedOnToolsVersion = 6.3.2;
						TestTargetID = B7176C451B348E2000DCC1BB;
					};
				};
			};
			buildConfigurationList = B7176C411B348E2000DCC1BB /* Build configuration list for PBXProject "count8" */;
			compatibilityVersion = "Xcode 3.2";
			developmentRegion = English;
			hasScannedForEncodings = 0;
			knownRegions = (
				en,
				Base,
			);
			mainGroup = B7176C3D1B348E2000DCC1BB;
			productRefGroup = B7176C471B348E2000DCC1BB /* Products */;
			projectDirPath = "";
			projectRoot = "";
			targets = (
				B7176C451B348E2000DCC1BB /* count8 */,
				B7176C5A1B348E2000DCC1BB /* count8Tests */,
			);
		};
/* End PBXProject section */

/* Begin PBXResourcesBuildPhase section */
		B7176C441B348E2000DCC1BB /* Resources */ = {
			isa = PBXResourcesBuildPhase;
			buildActionMask = 2147483647;
			files = (
				B7176C511B348E2000DCC1BB /* Main.storyboard in Resources */,
				B7176C561B348E2000DCC1BB /* LaunchScreen.xib in Resources */,
				B7176C531B348E2000DCC1BB /* Images.xcassets in Resources */,
			);
			runOnlyForDeploymentPostprocessing = 0;
		};
		B7176C591B348E2000DCC1BB /* Resources */ = {
			isa = PBXResourcesBuildPhase;
			buildActionMask = 2147483647;
			files = (
			);
			runOnlyForDeploymentPostprocessing = 0;
		};
/* End PBXResourcesBuildPhase section */

/* Begin PBXSourcesBuildPhase section */
		B7176C421B348E2000DCC1BB /* Sources */ = {
			isa = PBXSourcesBuildPhase;
			buildActionMask = 2147483647;
			files = (
				B7176C4E1B348E2000DCC1BB /* ViewController.swift in Sources */,
				B7176C4C1B348E2000DCC1BB /* AppDelegate.swift in Sources */,
			);
			runOnlyForDeploymentPostprocessing = 0;
		};
		B7176C571B348E2000DCC1BB /* Sources */ = {
			isa = PBXSourcesBuildPhase;
			buildActionMask = 2147483647;
			files = (
				B7176C621B348E2000DCC1BB /* count8Tests.swift in Sources */,
			);
			runOnlyForDeploymentPostprocessing = 0;
		};
/* End PBXSourcesBuildPhase section */

/* Begin PBXTargetDependency section */
		B7176C5D1B348E2000DCC1BB /* PBXTargetDependency */ = {
			isa = PBXTargetDependency;
			target = B7176C451B348E2000DCC1BB /* count8 */;
			targetProxy = B7176C5C1B348E2000DCC1BB /* PBXContainerItemProxy */;
		};
/* End PBXTargetDependency section */

/* Begin PBXVariantGroup section */
		B7176C4F1B348E2000DCC1BB /* Main.storyboard */ = {
			isa = PBXVariantGroup;
			children = (
				B7176C501B348E2000DCC1BB /* Base */,
			);
			name = Main.storyboard;
			sourceTree = "<group>";
		};
		B7176C541B348E2000DCC1BB /* LaunchScreen.xib */ = {
			isa = PBXVariantGroup;
			children = (
				B7176C551B348E2000DCC1BB /* Base */,
			);
			name = LaunchScreen.xib;
			sourceTree = "<group>";
		};
/* End PBXVariantGroup section */

/* Begin XCBuildConfiguration section */
		B7176C631B348E2000DCC1BB /* Debug */ = {
			isa = XCBuildConfiguration;
			buildSettings = {
				ALWAYS_SEARCH_USER_PATHS = NO;
				CLANG_CXX_LANGUAGE_STANDARD = "gnu++0x";
				CLANG_CXX_LIBRARY = "libc++";
				CLANG_ENABLE_MODULES = YES;
				CLANG_ENABLE_OBJC_ARC = YES;
				CLANG_WARN_BOOL_CONVERSION = YES;
				CLANG_WARN_CONSTANT_CONVERSION = YES;
				CLANG_WARN_DIRECT_OBJC_ISA_USAGE = YES_ERROR;
				CLANG_WARN_EMPTY_BODY = YES;
				CLANG_WARN_ENUM_CONVERSION = YES;
				CLANG_WARN_INT_CONVERSION = YES;
				CLANG_WARN_OBJC_ROOT_CLASS = YES_ERROR;
				CLANG_WARN_UNREACHABLE_CODE = YES;
				CLANG_WARN__DUPLICATE_METHOD_MATCH = YES;
				"CODE_SIGN_IDENTITY[sdk=iphoneos*]" = "iPhone Developer";
				COPY_PHASE_STRIP = NO;
				DEBUG_INFORMATION_FORMAT = "dwarf-with-dsym";
				ENABLE_STRICT_OBJC_MSGSEND = YES;
				GCC_C_LANGUAGE_STANDARD = gnu99;
				GCC_DYNAMIC_NO_PIC = NO;
				GCC_NO_COMMON_BLOCKS = YES;
				GCC_OPTIMIZATION_LEVEL = 0;
				GCC_PREPROCESSOR_DEFINITIONS = (
					"DEBUG=1",
					"$(inherited)",
				);
				GCC_SYMBOLS_PRIVATE_EXTERN = NO;
				GCC_WARN_64_TO_32_BIT_CONVERSION = YES;
				GCC_WARN_ABOUT_RETURN_TYPE = YES_ERROR;
				GCC_WARN_UNDECLARED_SELECTOR = YES;
				GCC_WARN_UNINITIALIZED_AUTOS = YES_AGGRESSIVE;
				GCC_WARN_UNUSED_FUNCTION = YES;
				GCC_WARN_UNUSED_VARIABLE = YES;
				IPHONEOS_DEPLOYMENT_TARGET = 8.3;
				MTL_ENABLE_DEBUG_INFO = YES;
				ONLY_ACTIVE_ARCH = YES;
				SDKROOT = iphoneos;
				SWIFT_OPTIMIZATION_LEVEL = "-Onone";
			};
			name = Debug;
		};
		B7176C641B348E2000DCC1BB /* Release */ = {
			isa = XCBuildConfiguration;
			buildSettings = {
				ALWAYS_SEARCH_USER_PATHS = NO;
				CLANG_CXX_LANGUAGE_STANDARD = "gnu++0x";
				CLANG_CXX_LIBRARY = "libc++";
				CLANG_ENABLE_MODULES = YES;
				CLANG_ENABLE_OBJC_ARC = YES;
				CLANG_WARN_BOOL_CONVERSION = YES;
				CLANG_WARN_CONSTANT_CONVERSION = YES;
				CLANG_WARN_DIRECT_OBJC_ISA_USAGE = YES_ERROR;
				CLANG_WARN_EMPTY_BODY = YES;
				CLANG_WARN_ENUM_CONVERSION = YES;
				CLANG_WARN_INT_CONVERSION = YES;
				CLANG_WARN_OBJC_ROOT_CLASS = YES_ERROR;
				CLANG_WARN_UNREACHABLE_CODE = YES;
				CLANG_WARN__DUPLICATE_METHOD_MATCH = YES;
				"CODE_SIGN_IDENTITY[sdk=iphoneos*]" = "iPhone Developer";
				COPY_PHASE_STRIP = NO;
				DEBUG_INFORMATION_FORMAT = "dwarf-with-dsym";
				ENABLE_NS_ASSERTIONS = NO;
				ENABLE_STRICT_OBJC_MSGSEND = YES;
				GCC_C_LANGUAGE_STANDARD = gnu99;
				GCC_NO_COMMON_BLOCKS = YES;
				GCC_WARN_64_TO_32_BIT_CONVERSION = YES;
				GCC_WARN_ABOUT_RETURN_TYPE = YES_ERROR;
				GCC_WARN_UNDECLARED_SELECTOR = YES;
				GCC_WARN_UNINITIALIZED_AUTOS = YES_AGGRESSIVE;
				GCC_WARN_UNUSED_FUNCTION = YES;
				GCC_WARN_UNUSED_VARIABLE = YES;
				IPHONEOS_DEPLOYMENT_TARGET = 8.3;
				MTL_ENABLE_DEBUG_INFO = NO;
				SDKROOT = iphoneos;
				VALIDATE_PRODUCT = YES;
			};
			name = Release;
		};
		B7176C661B348E2000DCC1BB /* Debug */ = {
			isa = XCBuildConfiguration;
			buildSettings = {
				ASSETCATALOG_COMPILER_APPICON_NAME = AppIcon;
				INFOPLIST_FILE = count8/Info.plist;
				LD_RUNPATH_SEARCH_PATHS = "$(inherited) @executable_path/Frameworks";
				PRODUCT_NAME = "$(TARGET_NAME)";
			};
			name = Debug;
		};
		B7176C671B348E2000DCC1BB /* Release */ = {
			isa = XCBuildConfiguration;
			buildSettings = {
				ASSETCATALOG_COMPILER_APPICON_NAME = AppIcon;
				INFOPLIST_FILE = count8/Info.plist;
				LD_RUNPATH_SEARCH_PATHS = "$(inherited) @executable_path/Frameworks";
				PRODUCT_NAME = "$(TARGET_NAME)";
			};
			name = Release;
		};
		B7176C691B348E2000DCC1BB /* Debug */ = {
			isa = XCBuildConfiguration;
			buildSettings = {
				BUNDLE_LOADER = "$(TEST_HOST)";
				FRAMEWORK_SEARCH_PATHS = (
					"$(SDKROOT)/Developer/Library/Frameworks",
					"$(inherited)",
				);
				GCC_PREPROCESSOR_DEFINITIONS = (
					"DEBUG=1",
					"$(inherited)",
				);
				INFOPLIST_FILE = count8Tests/Info.plist;
				LD_RUNPATH_SEARCH_PATHS = "$(inherited) @executable_path/Frameworks @loader_path/Frameworks";
				PRODUCT_NAME = "$(TARGET_NAME)";
				TEST_HOST = "$(BUILT_PRODUCTS_DIR)/count8.app/count8";
			};
			name = Debug;
		};
		B7176C6A1B348E2000DCC1BB /* Release */ = {
			isa = XCBuildConfiguration;
			buildSettings = {
				BUNDLE_LOADER = "$(TEST_HOST)";
				FRAMEWORK_SEARCH_PATHS = (
					"$(SDKROOT)/Developer/Library/Frameworks",
					"$(inherited)",
				);
				INFOPLIST_FILE = count8Tests/Info.plist;
				LD_RUNPATH_SEARCH_PATHS = "$(inherited) @executable_path/Frameworks @loader_path/Frameworks";
				PRODUCT_NAME = "$(TARGET_NAME)";
				TEST_HOST = "$(BUILT_PRODUCTS_DIR)/count8.app/count8";
			};
			name = Release;
		};
/* End XCBuildConfiguration section */

/* Begin XCConfigurationList section */
		B7176C411B348E2000DCC1BB /* Build configuration list for PBXProject "count8" */ = {
			isa = XCConfigurationList;
			buildConfigurations = (
				B7176C631B348E2000DCC1BB /* Debug */,
				B7176C641B348E2000DCC1BB /* Release */,
			);
			defaultConfigurationIsVisible = 0;
			defaultConfigurationName = Release;
		};
		B7176C651B348E2000DCC1BB /* Build configuration list for PBXNativeTarget "count8" */ = {
			isa = XCConfigurationList;
			buildConfigurations = (
				B7176C661B348E2000DCC1BB /* Debug */,
				B7176C671B348E2000DCC1BB /* Release */,
			);
			defaultConfigurationIsVisible = 0;
		};
		B7176C681B348E2000DCC1BB /* Build configuration list for PBXNativeTarget "count8Tests" */ = {
			isa = XCConfigurationList;
			buildConfigurations = (
				B7176C691B348E2000DCC1BB /* Debug */,
				B7176C6A1B348E2000DCC1BB /* Release */,
			);
			defaultConfigurationIsVisible = 0;
		};
/* End XCConfigurationList section */
	};
	rootObject = B7176C3E1B348E2000DCC1BB /* Project object */;
}
